
Microsoft Visual Studio Solution File, Format Version 12.00
# Visual Studio Version 17
VisualStudioVersion = 17.12.35527.113 d17.12
MinimumVisualStudioVersion = 10.0.40219.1
Project("{FAE04EC0-301F-11D3-BF4B-00C04F79EFBC}") = "Product Management System", "Product Management System.csproj", "{55C535BE-55F6-4621-820E-E7B617355297}"
EndProject
Global
	GlobalSection(SolutionConfigurationPlatforms) = preSolution
		Debug|Any CPU = Debug|Any CPU
		Release|Any CPU = Release|Any CPU
	EndGlobalSection
	GlobalSection(ProjectConfigurationPlatforms) = postSolution
		{55C535BE-55F6-4621-820E-E7B617355297}.Debug|Any CPU.ActiveCfg = Debug|Any CPU
		{55C535BE-55F6-4621-820E-E7B617355297}.Debug|Any CPU.Build.0 = Debug|Any CPU
		{55C535BE-55F6-4621-820E-E7B617355297}.Release|Any CPU.ActiveCfg = Release|Any CPU
		{55C535BE-55F6-4621-820E-E7B617355297}.Release|Any CPU.Build.0 = Release|Any CPU
	EndGlobalSection
	GlobalSection(SolutionProperties) = preSolution
		HideSolutionNode = FALSE
	EndGlobalSection
EndGlobal
